
Microsoft Visual Studio Solution File, Format Version 12.00
# Visual Studio Version 16
VisualStudioVersion = 16.0.30621.155
MinimumVisualStudioVersion = 10.0.40219.1
Project("{9A19103F-16F7-4668-BE54-9A1E7A4F7556}") = "TopTenPops", "TopTenPops\TopTenPops.csproj", "{26A5E60B-FC57-4720-B785-E30526F93F3D}"
EndProject
Project("{9A19103F-16F7-4668-BE54-9A1E7A4F7556}") = "DictSnippets", "DictSnippets\DictSnippets.csproj", "{3AD6C25F-9DF5-438D-950B-323A8F91734B}"
EndProject
Project("{9A19103F-16F7-4668-BE54-9A1E7A4F7556}") = "ReadCountriesForLoop", "ReadCountriesForLoop\ReadCountriesForLoop.csproj", "{5A5E3EDF-888D-457D-B8A6-1F2F72D42D5D}"
EndProject
Project("{9A19103F-16F7-4668-BE54-9A1E7A4F7556}") = "ReadAllCountries", "ReadAllCountries\ReadAllCountries.csproj", "{49899A56-D790-45F6-AB9D-870051A71029}"
EndProject
Project("{FAE04EC0-301F-11D3-BF4B-00C04F79EFBC}") = "CountriesByRegion", "CountriesByRegion\CountriesByRegion.csproj", "{F0DCE748-B7F3-4C82-B2A0-BA67D961BFB2}"
EndProject
Project("{FAE04EC0-301F-11D3-BF4B-00C04F79EFBC}") = "NoughtsCrosses", "NoughtsCrosses\NoughtsCrosses.csproj", "{704BC19D-5E40-4E89-BBC3-91CAA169AEE1}"
EndProject
Global
	GlobalSection(SolutionConfigurationPlatforms) = preSolution
		Debug|Any CPU = Debug|Any CPU
		Release|Any CPU = Release|Any CPU
	EndGlobalSection
	GlobalSection(ProjectConfigurationPlatforms) = postSolution
		{26A5E60B-FC57-4720-B785-E30526F93F3D}.Debug|Any CPU.ActiveCfg = Debug|Any CPU
		{26A5E60B-FC57-4720-B785-E30526F93F3D}.Debug|Any CPU.Build.0 = Debug|Any CPU
		{26A5E60B-FC57-4720-B785-E30526F93F3D}.Release|Any CPU.ActiveCfg = Release|Any CPU
		{26A5E60B-FC57-4720-B785-E30526F93F3D}.Release|Any CPU.Build.0 = Release|Any CPU
		{3AD6C25F-9DF5-438D-950B-323A8F91734B}.Debug|Any CPU.ActiveCfg = Debug|Any CPU
		{3AD6C25F-9DF5-438D-950B-323A8F91734B}.Debug|Any CPU.Build.0 = Debug|Any CPU
		{3AD6C25F-9DF5-438D-950B-323A8F91734B}.Release|Any CPU.ActiveCfg = Release|Any CPU
		{3AD6C25F-9DF5-438D-950B-323A8F91734B}.Release|Any CPU.Build.0 = Release|Any CPU
		{5A5E3EDF-888D-457D-B8A6-1F2F72D42D5D}.Debug|Any CPU.ActiveCfg = Debug|Any CPU
		{5A5E3EDF-888D-457D-B8A6-1F2F72D42D5D}.Debug|Any CPU.Build.0 = Debug|Any CPU
		{5A5E3EDF-888D-457D-B8A6-1F2F72D42D5D}.Release|Any CPU.ActiveCfg = Release|Any CPU
		{5A5E3EDF-888D-457D-B8A6-1F2F72D42D5D}.Release|Any CPU.Build.0 = Release|Any CPU
		{49899A56-D790-45F6-AB9D-870051A71029}.Debug|Any CPU.ActiveCfg = Debug|Any CPU
		{49899A56-D790-45F6-AB9D-870051A71029}.Debug|Any CPU.Build.0 = Debug|Any CPU
		{49899A56-D790-45F6-AB9D-870051A71029}.Release|Any CPU.ActiveCfg = Release|Any CPU
		{49899A56-D790-45F6-AB9D-870051A71029}.Release|Any CPU.Build.0 = Release|Any CPU
		{F0DCE748-B7F3-4C82-B2A0-BA67D961BFB2}.Debug|Any CPU.ActiveCfg = Debug|Any CPU
		{F0DCE748-B7F3-4C82-B2A0-BA67D961BFB2}.Debug|Any CPU.Build.0 = Debug|Any CPU
		{F0DCE748-B7F3-4C82-B2A0-BA67D961BFB2}.Release|Any CPU.ActiveCfg = Release|Any CPU
		{F0DCE748-B7F3-4C82-B2A0-BA67D961BFB2}.Release|Any CPU.Build.0 = Release|Any CPU
		{704BC19D-5E40-4E89-BBC3-91CAA169AEE1}.Debug|Any CPU.ActiveCfg = Debug|Any CPU
		{704BC19D-5E40-4E89-BBC3-91CAA169AEE1}.Debug|Any CPU.Build.0 = Debug|Any CPU
		{704BC19D-5E40-4E89-BBC3-91CAA169AEE1}.Release|Any CPU.ActiveCfg = Release|Any CPU
		{704BC19D-5E40-4E89-BBC3-91CAA169AEE1}.Release|Any CPU.Build.0 = Release|Any CPU
	EndGlobalSection
	GlobalSection(SolutionProperties) = preSolution
		HideSolutionNode = FALSE
	EndGlobalSection
	GlobalSection(ExtensibilityGlobals) = postSolution
		SolutionGuid = {4BF4B33A-FB28-4BB0-BC4A-E99AB6FA120C}
	EndGlobalSection
EndGlobal
