
Microsoft Visual Studio Solution File, Format Version 12.00
# Visual Studio Version 16
VisualStudioVersion = 16.0.30621.155
MinimumVisualStudioVersion = 10.0.40219.1
Project("{FAE04EC0-301F-11D3-BF4B-00C04F79EFBC}") = "DaysOfWeek", "DaysOfWeek\DaysOfWeek.csproj", "{15A67160-5A67-46B7-A77F-3FF535A59E05}"
EndProject
Global
	GlobalSection(SolutionConfigurationPlatforms) = preSolution
		Debug|Any CPU = Debug|Any CPU
		Release|Any CPU = Release|Any CPU
	EndGlobalSection
	GlobalSection(ProjectConfigurationPlatforms) = postSolution
		{15A67160-5A67-46B7-A77F-3FF535A59E05}.Debug|Any CPU.ActiveCfg = Debug|Any CPU
		{15A67160-5A67-46B7-A77F-3FF535A59E05}.Debug|Any CPU.Build.0 = Debug|Any CPU
		{15A67160-5A67-46B7-A77F-3FF535A59E05}.Release|Any CPU.ActiveCfg = Release|Any CPU
		{15A67160-5A67-46B7-A77F-3FF535A59E05}.Release|Any CPU.Build.0 = Release|Any CPU
	EndGlobalSection
	GlobalSection(SolutionProperties) = preSolution
		HideSolutionNode = FALSE
	EndGlobalSection
	GlobalSection(ExtensibilityGlobals) = postSolution
		SolutionGuid = {B7C28300-FA03-4592-BA57-21D24F4083B2}
	EndGlobalSection
EndGlobal
